// !$*UTF8*$!
{
	archiveVersion = 1;
	classes = {
	};
	objectVersion = 56;
	objects = {

/* Begin PBXBuildFile section */
		3F1D383D29D201440037DB3F /* RunningAppRow.swift in Sources */ = {isa = PBXBuildFile; fileRef = 3F1D383C29D201440037DB3F /* RunningAppRow.swift */; };
		3F1D384129D233B50037DB3F /* ActionResultOverlay.swift in Sources */ = {isa = PBXBuildFile; fileRef = 3F1D384029D233B50037DB3F /* ActionResultOverlay.swift */; };
		3FEEE3C729D1938A007277AC /* ViewExtension.swift in Sources */ = {isa = PBXBuildFile; fileRef = 3FEEE3C629D1938A007277AC /* ViewExtension.swift */; };
		3FEEE3C929D193CC007277AC /* AlignmentExtension.swift in Sources */ = {isa = PBXBuildFile; fileRef = 3FEEE3C829D193CC007277AC /* AlignmentExtension.swift */; };
		3FEEE3CB29D19430007277AC /* RunningAppsProvider.swift in Sources */ = {isa = PBXBuildFile; fileRef = 3FEEE3CA29D19430007277AC /* RunningAppsProvider.swift */; };
		3FEEE3CE29D1971E007277AC /* Consequences in Frameworks */ = {isa = PBXBuildFile; productRef = 3FEEE3CD29D1971E007277AC /* Consequences */; };
		3FEEE3D029D19975007277AC /* AnimatablePublisherValue.swift in Sources */ = {isa = PBXBuildFile; fileRef = 3FEEE3CF29D19975007277AC /* AnimatablePublisherValue.swift */; };
		3FEEE3D229D19DB3007277AC /* Permission.swift in Sources */ = {isa = PBXBuildFile; fileRef = 3FEEE3D129D19DB3007277AC /* Permission.swift */; };
		3FEEE3D529D1F9D0007277AC /* DefaultsWrapper in Frameworks */ = {isa = PBXBuildFile; productRef = 3FEEE3D429D1F9D0007277AC /* DefaultsWrapper */; };
		C2A9A71B29C8600C00C16500 /* FromScratchApp.swift in Sources */ = {isa = PBXBuildFile; fileRef = C2A9A71A29C8600C00C16500 /* FromScratchApp.swift */; };
		C2A9A71D29C8600C00C16500 /* ContentView.swift in Sources */ = {isa = PBXBuildFile; fileRef = C2A9A71C29C8600C00C16500 /* ContentView.swift */; };
		C2A9A71F29C8600D00C16500 /* Assets.xcassets in Resources */ = {isa = PBXBuildFile; fileRef = C2A9A71E29C8600D00C16500 /* Assets.xcassets */; };
		C2A9A72229C8600D00C16500 /* Preview Assets.xcassets in Resources */ = {isa = PBXBuildFile; fileRef = C2A9A72129C8600D00C16500 /* Preview Assets.xcassets */; };
/* End PBXBuildFile section */

/* Begin PBXFileReference section */
		3F1D383C29D201440037DB3F /* RunningAppRow.swift */ = {isa = PBXFileReference; lastKnownFileType = sourcecode.swift; path = RunningAppRow.swift; sourceTree = "<group>"; };
		3F1D384029D233B50037DB3F /* ActionResultOverlay.swift */ = {isa = PBXFileReference; lastKnownFileType = sourcecode.swift; path = ActionResultOverlay.swift; sourceTree = "<group>"; };
		3FEEE3C629D1938A007277AC /* ViewExtension.swift */ = {isa = PBXFileReference; fileEncoding = 4; lastKnownFileType = sourcecode.swift; path = ViewExtension.swift; sourceTree = "<group>"; };
		3FEEE3C829D193CC007277AC /* AlignmentExtension.swift */ = {isa = PBXFileReference; fileEncoding = 4; lastKnownFileType = sourcecode.swift; path = AlignmentExtension.swift; sourceTree = "<group>"; };
		3FEEE3CA29D19430007277AC /* RunningAppsProvider.swift */ = {isa = PBXFileReference; lastKnownFileType = sourcecode.swift; path = RunningAppsProvider.swift; sourceTree = "<group>"; };
		3FEEE3CF29D19975007277AC /* AnimatablePublisherValue.swift */ = {isa = PBXFileReference; fileEncoding = 4; lastKnownFileType = sourcecode.swift; path = AnimatablePublisherValue.swift; sourceTree = "<group>"; };
		3FEEE3D129D19DB3007277AC /* Permission.swift */ = {isa = PBXFileReference; lastKnownFileType = sourcecode.swift; path = Permission.swift; sourceTree = "<group>"; };
		C2A9A71729C8600C00C16500 /* FromScratch.app */ = {isa = PBXFileReference; explicitFileType = wrapper.application; includeInIndex = 0; path = FromScratch.app; sourceTree = BUILT_PRODUCTS_DIR; };
		C2A9A71A29C8600C00C16500 /* FromScratchApp.swift */ = {isa = PBXFileReference; lastKnownFileType = sourcecode.swift; path = FromScratchApp.swift; sourceTree = "<group>"; };
		C2A9A71C29C8600C00C16500 /* ContentView.swift */ = {isa = PBXFileReference; lastKnownFileType = sourcecode.swift; path = ContentView.swift; sourceTree = "<group>"; };
		C2A9A71E29C8600D00C16500 /* Assets.xcassets */ = {isa = PBXFileReference; lastKnownFileType = folder.assetcatalog; path = Assets.xcassets; sourceTree = "<group>"; };
		C2A9A72129C8600D00C16500 /* Preview Assets.xcassets */ = {isa = PBXFileReference; lastKnownFileType = folder.assetcatalog; path = "Preview Assets.xcassets"; sourceTree = "<group>"; };
		C2A9A72329C8600D00C16500 /* FromScratch.entitlements */ = {isa = PBXFileReference; lastKnownFileType = text.plist.entitlements; path = FromScratch.entitlements; sourceTree = "<group>"; };
/* End PBXFileReference section */

/* Begin PBXFrameworksBuildPhase section */
		C2A9A71429C8600C00C16500 /* Frameworks */ = {
			isa = PBXFrameworksBuildPhase;
			buildActionMask = 2147483647;
			files = (
				3FEEE3D529D1F9D0007277AC /* DefaultsWrapper in Frameworks */,
				3FEEE3CE29D1971E007277AC /* Consequences in Frameworks */,
			);
			runOnlyForDeploymentPostprocessing = 0;
		};
/* End PBXFrameworksBuildPhase section */

/* Begin PBXGroup section */
		C2A9A70E29C8600C00C16500 = {
			isa = PBXGroup;
			children = (
				C2A9A71929C8600C00C16500 /* FromScratch */,
				C2A9A71829C8600C00C16500 /* Products */,
			);
			sourceTree = "<group>";
		};
		C2A9A71829C8600C00C16500 /* Products */ = {
			isa = PBXGroup;
			children = (
				C2A9A71729C8600C00C16500 /* FromScratch.app */,
			);
			name = Products;
			sourceTree = "<group>";
		};
		C2A9A71929C8600C00C16500 /* FromScratch */ = {
			isa = PBXGroup;
			children = (
				C2A9A71A29C8600C00C16500 /* FromScratchApp.swift */,
				C2A9A71C29C8600C00C16500 /* ContentView.swift */,
				3F1D384029D233B50037DB3F /* ActionResultOverlay.swift */,
				3F1D383C29D201440037DB3F /* RunningAppRow.swift */,
				3FEEE3D129D19DB3007277AC /* Permission.swift */,
				3FEEE3CA29D19430007277AC /* RunningAppsProvider.swift */,
				3FEEE3C629D1938A007277AC /* ViewExtension.swift */,
				3FEEE3C829D193CC007277AC /* AlignmentExtension.swift */,
				3FEEE3CF29D19975007277AC /* AnimatablePublisherValue.swift */,
				C2A9A71E29C8600D00C16500 /* Assets.xcassets */,
				C2A9A72329C8600D00C16500 /* FromScratch.entitlements */,
				C2A9A72029C8600D00C16500 /* Preview Content */,
			);
			path = FromScratch;
			sourceTree = "<group>";
		};
		C2A9A72029C8600D00C16500 /* Preview Content */ = {
			isa = PBXGroup;
			children = (
				C2A9A72129C8600D00C16500 /* Preview Assets.xcassets */,
			);
			path = "Preview Content";
			sourceTree = "<group>";
		};
/* End PBXGroup section */

/* Begin PBXNativeTarget section */
		C2A9A71629C8600C00C16500 /* FromScratch */ = {
			isa = PBXNativeTarget;
			buildConfigurationList = C2A9A72629C8600D00C16500 /* Build configuration list for PBXNativeTarget "FromScratch" */;
			buildPhases = (
				C2A9A71329C8600C00C16500 /* Sources */,
				C2A9A71429C8600C00C16500 /* Frameworks */,
				C2A9A71529C8600C00C16500 /* Resources */,
			);
			buildRules = (
			);
			dependencies = (
			);
			name = FromScratch;
			packageProductDependencies = (
				3FEEE3CD29D1971E007277AC /* Consequences */,
				3FEEE3D429D1F9D0007277AC /* DefaultsWrapper */,
			);
			productName = FromScratch;
			productReference = C2A9A71729C8600C00C16500 /* FromScratch.app */;
			productType = "com.apple.product-type.application";
		};
/* End PBXNativeTarget section */

/* Begin PBXProject section */
		C2A9A70F29C8600C00C16500 /* Project object */ = {
			isa = PBXProject;
			attributes = {
				BuildIndependentTargetsInParallel = 1;
				LastSwiftUpdateCheck = 1410;
				LastUpgradeCheck = 1420;
				TargetAttributes = {
					C2A9A71629C8600C00C16500 = {
						CreatedOnToolsVersion = 14.1;
					};
				};
			};
			buildConfigurationList = C2A9A71229C8600C00C16500 /* Build configuration list for PBXProject "FromScratch" */;
			compatibilityVersion = "Xcode 14.0";
			developmentRegion = en;
			hasScannedForEncodings = 0;
			knownRegions = (
				en,
				Base,
			);
			mainGroup = C2A9A70E29C8600C00C16500;
			packageReferences = (
				3FEEE3CC29D1971E007277AC /* XCRemoteSwiftPackageReference "Consequences" */,
				3FEEE3D329D1F9D0007277AC /* XCRemoteSwiftPackageReference "DefaultsWrapper" */,
			);
			productRefGroup = C2A9A71829C8600C00C16500 /* Products */;
			projectDirPath = "";
			projectRoot = "";
			targets = (
				C2A9A71629C8600C00C16500 /* FromScratch */,
			);
		};
/* End PBXProject section */

/* Begin PBXResourcesBuildPhase section */
		C2A9A71529C8600C00C16500 /* Resources */ = {
			isa = PBXResourcesBuildPhase;
			buildActionMask = 2147483647;
			files = (
				C2A9A72229C8600D00C16500 /* Preview Assets.xcassets in Resources */,
				C2A9A71F29C8600D00C16500 /* Assets.xcassets in Resources */,
			);
			runOnlyForDeploymentPostprocessing = 0;
		};
/* End PBXResourcesBuildPhase section */

/* Begin PBXSourcesBuildPhase section */
		C2A9A71329C8600C00C16500 /* Sources */ = {
			isa = PBXSourcesBuildPhase;
			buildActionMask = 2147483647;
			files = (
				3F1D383D29D201440037DB3F /* RunningAppRow.swift in Sources */,
				3FEEE3D029D19975007277AC /* AnimatablePublisherValue.swift in Sources */,
				3FEEE3D229D19DB3007277AC /* Permission.swift in Sources */,
				3FEEE3C729D1938A007277AC /* ViewExtension.swift in Sources */,
				C2A9A71D29C8600C00C16500 /* ContentView.swift in Sources */,
				C2A9A71B29C8600C00C16500 /* FromScratchApp.swift in Sources */,
				3FEEE3CB29D19430007277AC /* RunningAppsProvider.swift in Sources */,
				3FEEE3C929D193CC007277AC /* AlignmentExtension.swift in Sources */,
				3F1D384129D233B50037DB3F /* ActionResultOverlay.swift in Sources */,
			);
			runOnlyForDeploymentPostprocessing = 0;
		};
/* End PBXSourcesBuildPhase section */

/* Begin XCBuildConfiguration section */
		C2A9A72429C8600D00C16500 /* Debug */ = {
			isa = XCBuildConfiguration;
			buildSettings = {
				ALWAYS_SEARCH_USER_PATHS = NO;
				CLANG_ANALYZER_NONNULL = YES;
				CLANG_ANALYZER_NUMBER_OBJECT_CONVERSION = YES_AGGRESSIVE;
				CLANG_CXX_LANGUAGE_STANDARD = "gnu++20";
				CLANG_ENABLE_MODULES = YES;
				CLANG_ENABLE_OBJC_ARC = YES;
				CLANG_ENABLE_OBJC_WEAK = YES;
				CLANG_WARN_BLOCK_CAPTURE_AUTORELEASING = YES;
				CLANG_WARN_BOOL_CONVERSION = YES;
				CLANG_WARN_COMMA = YES;
				CLANG_WARN_CONSTANT_CONVERSION = YES;
				CLANG_WARN_DEPRECATED_OBJC_IMPLEMENTATIONS = YES;
				CLANG_WARN_DIRECT_OBJC_ISA_USAGE = YES_ERROR;
				CLANG_WARN_DOCUMENTATION_COMMENTS = YES;
				CLANG_WARN_EMPTY_BODY = YES;
				CLANG_WARN_ENUM_CONVERSION = YES;
				CLANG_WARN_INFINITE_RECURSION = YES;
				CLANG_WARN_INT_CONVERSION = YES;
				CLANG_WARN_NON_LITERAL_NULL_CONVERSION = YES;
				CLANG_WARN_OBJC_IMPLICIT_RETAIN_SELF = YES;
				CLANG_WARN_OBJC_LITERAL_CONVERSION = YES;
				CLANG_WARN_OBJC_ROOT_CLASS = YES_ERROR;
				CLANG_WARN_QUOTED_INCLUDE_IN_FRAMEWORK_HEADER = YES;
				CLANG_WARN_RANGE_LOOP_ANALYSIS = YES;
				CLANG_WARN_STRICT_PROTOTYPES = YES;
				CLANG_WARN_SUSPICIOUS_MOVE = YES;
				CLANG_WARN_UNGUARDED_AVAILABILITY = YES_AGGRESSIVE;
				CLANG_WARN_UNREACHABLE_CODE = YES;
				CLANG_WARN__DUPLICATE_METHOD_MATCH = YES;
				COPY_PHASE_STRIP = NO;
				DEAD_CODE_STRIPPING = YES;
				DEBUG_INFORMATION_FORMAT = dwarf;
				ENABLE_STRICT_OBJC_MSGSEND = YES;
				ENABLE_TESTABILITY = YES;
				GCC_C_LANGUAGE_STANDARD = gnu11;
				GCC_DYNAMIC_NO_PIC = NO;
				GCC_NO_COMMON_BLOCKS = YES;
				GCC_OPTIMIZATION_LEVEL = 0;
				GCC_PREPROCESSOR_DEFINITIONS = (
					"DEBUG=1",
					"$(inherited)",
				);
				GCC_WARN_64_TO_32_BIT_CONVERSION = YES;
				GCC_WARN_ABOUT_RETURN_TYPE = YES_ERROR;
				GCC_WARN_UNDECLARED_SELECTOR = YES;
				GCC_WARN_UNINITIALIZED_AUTOS = YES_AGGRESSIVE;
				GCC_WARN_UNUSED_FUNCTION = YES;
				GCC_WARN_UNUSED_VARIABLE = YES;
				MACOSX_DEPLOYMENT_TARGET = 13.0;
				MTL_ENABLE_DEBUG_INFO = INCLUDE_SOURCE;
				MTL_FAST_MATH = YES;
				ONLY_ACTIVE_ARCH = YES;
				SDKROOT = macosx;
				SWIFT_ACTIVE_COMPILATION_CONDITIONS = DEBUG;
				SWIFT_OPTIMIZATION_LEVEL = "-Onone";
			};
			name = Debug;
		};
		C2A9A72529C8600D00C16500 /* Release */ = {
			isa = XCBuildConfiguration;
			buildSettings = {
				ALWAYS_SEARCH_USER_PATHS = NO;
				CLANG_ANALYZER_NONNULL = YES;
				CLANG_ANALYZER_NUMBER_OBJECT_CONVERSION = YES_AGGRESSIVE;
				CLANG_CXX_LANGUAGE_STANDARD = "gnu++20";
				CLANG_ENABLE_MODULES = YES;
				CLANG_ENABLE_OBJC_ARC = YES;
				CLANG_ENABLE_OBJC_WEAK = YES;
				CLANG_WARN_BLOCK_CAPTURE_AUTORELEASING = YES;
				CLANG_WARN_BOOL_CONVERSION = YES;
				CLANG_WARN_COMMA = YES;
				CLANG_WARN_CONSTANT_CONVERSION = YES;
				CLANG_WARN_DEPRECATED_OBJC_IMPLEMENTATIONS = YES;
				CLANG_WARN_DIRECT_OBJC_ISA_USAGE = YES_ERROR;
				CLANG_WARN_DOCUMENTATION_COMMENTS = YES;
				CLANG_WARN_EMPTY_BODY = YES;
				CLANG_WARN_ENUM_CONVERSION = YES;
				CLANG_WARN_INFINITE_RECURSION = YES;
				CLANG_WARN_INT_CONVERSION = YES;
				CLANG_WARN_NON_LITERAL_NULL_CONVERSION = YES;
				CLANG_WARN_OBJC_IMPLICIT_RETAIN_SELF = YES;
				CLANG_WARN_OBJC_LITERAL_CONVERSION = YES;
				CLANG_WARN_OBJC_ROOT_CLASS = YES_ERROR;
				CLANG_WARN_QUOTED_INCLUDE_IN_FRAMEWORK_HEADER = YES;
				CLANG_WARN_RANGE_LOOP_ANALYSIS = YES;
				CLANG_WARN_STRICT_PROTOTYPES = YES;
				CLANG_WARN_SUSPICIOUS_MOVE = YES;
				CLANG_WARN_UNGUARDED_AVAILABILITY = YES_AGGRESSIVE;
				CLANG_WARN_UNREACHABLE_CODE = YES;
				CLANG_WARN__DUPLICATE_METHOD_MATCH = YES;
				COPY_PHASE_STRIP = NO;
				DEAD_CODE_STRIPPING = YES;
				DEBUG_INFORMATION_FORMAT = "dwarf-with-dsym";
				ENABLE_NS_ASSERTIONS = NO;
				ENABLE_STRICT_OBJC_MSGSEND = YES;
				GCC_C_LANGUAGE_STANDARD = gnu11;
				GCC_NO_COMMON_BLOCKS = YES;
				GCC_WARN_64_TO_32_BIT_CONVERSION = YES;
				GCC_WARN_ABOUT_RETURN_TYPE = YES_ERROR;
				GCC_WARN_UNDECLARED_SELECTOR = YES;
				GCC_WARN_UNINITIALIZED_AUTOS = YES_AGGRESSIVE;
				GCC_WARN_UNUSED_FUNCTION = YES;
				GCC_WARN_UNUSED_VARIABLE = YES;
				MACOSX_DEPLOYMENT_TARGET = 13.0;
				MTL_ENABLE_DEBUG_INFO = NO;
				MTL_FAST_MATH = YES;
				SDKROOT = macosx;
				SWIFT_COMPILATION_MODE = wholemodule;
				SWIFT_OPTIMIZATION_LEVEL = "-O";
			};
			name = Release;
		};
		C2A9A72729C8600D00C16500 /* Debug */ = {
			isa = XCBuildConfiguration;
			buildSettings = {
				ASSETCATALOG_COMPILER_APPICON_NAME = AppIcon;
				ASSETCATALOG_COMPILER_GLOBAL_ACCENT_COLOR_NAME = AccentColor;
				CODE_SIGN_ENTITLEMENTS = FromScratch/FromScratch.entitlements;
				CODE_SIGN_IDENTITY = "-";
				"CODE_SIGN_IDENTITY[sdk=macosx*]" = "Apple Development";
				CODE_SIGN_STYLE = Automatic;
				COMBINE_HIDPI_IMAGES = YES;
				CURRENT_PROJECT_VERSION = 1;
				DEAD_CODE_STRIPPING = YES;
				DEVELOPMENT_ASSET_PATHS = "\"FromScratch/Preview Content\"";
				DEVELOPMENT_TEAM = Q2E884V952;
				ENABLE_HARDENED_RUNTIME = YES;
				ENABLE_PREVIEWS = YES;
				GENERATE_INFOPLIST_FILE = YES;
				INFOPLIST_KEY_NSHumanReadableCopyright = "";
				LD_RUNPATH_SEARCH_PATHS = (
					"$(inherited)",
					"@executable_path/../Frameworks",
				);
				MARKETING_VERSION = 1.0;
				PRODUCT_BUNDLE_IDENTIFIER = com.goodsnooze.FromScratch;
				PRODUCT_NAME = "$(TARGET_NAME)";
				SWIFT_EMIT_LOC_STRINGS = YES;
				SWIFT_VERSION = 5.0;
			};
			name = Debug;
		};
		C2A9A72829C8600D00C16500 /* Release */ = {
			isa = XCBuildConfiguration;
			buildSettings = {
				ASSETCATALOG_COMPILER_APPICON_NAME = AppIcon;
				ASSETCATALOG_COMPILER_GLOBAL_ACCENT_COLOR_NAME = AccentColor;
				CODE_SIGN_ENTITLEMENTS = FromScratch/FromScratch.entitlements;
				CODE_SIGN_IDENTITY = "-";
				"CODE_SIGN_IDENTITY[sdk=macosx*]" = "Apple Development";
				CODE_SIGN_STYLE = Automatic;
				COMBINE_HIDPI_IMAGES = YES;
				CURRENT_PROJECT_VERSION = 1;
				DEAD_CODE_STRIPPING = YES;
				DEVELOPMENT_ASSET_PATHS = "\"FromScratch/Preview Content\"";
				DEVELOPMENT_TEAM = Q2E884V952;
				ENABLE_HARDENED_RUNTIME = YES;
				ENABLE_PREVIEWS = YES;
				GENERATE_INFOPLIST_FILE = YES;
				INFOPLIST_KEY_NSHumanReadableCopyright = "";
				LD_RUNPATH_SEARCH_PATHS = (
					"$(inherited)",
					"@executable_path/../Frameworks",
				);
				MARKETING_VERSION = 1.0;
				PRODUCT_BUNDLE_IDENTIFIER = com.goodsnooze.FromScratch;
				PRODUCT_NAME = "$(TARGET_NAME)";
				SWIFT_EMIT_LOC_STRINGS = YES;
				SWIFT_VERSION = 5.0;
			};
			name = Release;
		};
/* End XCBuildConfiguration section */

/* Begin XCConfigurationList section */
		C2A9A71229C8600C00C16500 /* Build configuration list for PBXProject "FromScratch" */ = {
			isa = XCConfigurationList;
			buildConfigurations = (
				C2A9A72429C8600D00C16500 /* Debug */,
				C2A9A72529C8600D00C16500 /* Release */,
			);
			defaultConfigurationIsVisible = 0;
			defaultConfigurationName = Release;
		};
		C2A9A72629C8600D00C16500 /* Build configuration list for PBXNativeTarget "FromScratch" */ = {
			isa = XCConfigurationList;
			buildConfigurations = (
				C2A9A72729C8600D00C16500 /* Debug */,
				C2A9A72829C8600D00C16500 /* Release */,
			);
			defaultConfigurationIsVisible = 0;
			defaultConfigurationName = Release;
		};
/* End XCConfigurationList section */

/* Begin XCRemoteSwiftPackageReference section */
		3FEEE3CC29D1971E007277AC /* XCRemoteSwiftPackageReference "Consequences" */ = {
			isa = XCRemoteSwiftPackageReference;
			repositoryURL = "https://github.com/Pyroh/Consequences";
			requirement = {
				kind = upToNextMajorVersion;
				minimumVersion = 1.3.0;
			};
		};
		3FEEE3D329D1F9D0007277AC /* XCRemoteSwiftPackageReference "DefaultsWrapper" */ = {
			isa = XCRemoteSwiftPackageReference;
			repositoryURL = "https://github.com/Pyroh/DefaultsWrapper.git";
			requirement = {
				kind = upToNextMajorVersion;
				minimumVersion = 3.0.0;
			};
		};
/* End XCRemoteSwiftPackageReference section */

/* Begin XCSwiftPackageProductDependency section */
		3FEEE3CD29D1971E007277AC /* Consequences */ = {
			isa = XCSwiftPackageProductDependency;
			package = 3FEEE3CC29D1971E007277AC /* XCRemoteSwiftPackageReference "Consequences" */;
			productName = Consequences;
		};
		3FEEE3D429D1F9D0007277AC /* DefaultsWrapper */ = {
			isa = XCSwiftPackageProductDependency;
			package = 3FEEE3D329D1F9D0007277AC /* XCRemoteSwiftPackageReference "DefaultsWrapper" */;
			productName = DefaultsWrapper;
		};
/* End XCSwiftPackageProductDependency section */
	};
	rootObject = C2A9A70F29C8600C00C16500 /* Project object */;
}
