{
  "pins" : [
    {
      "identity" : "consequences",
      "kind" : "remoteSourceControl",
      "location" : "https://github.com/Pyroh/Consequences",
      "state" : {
        "revision" : "808997cbebb17fe10e423729e198f985e7e3b2ed",
        "version" : "1.3.0"
      }
    },
    {
      "identity" : "defaults",
      "kind" : "remoteSourceControl",
      "location" : "https://github.com/sindresorhus/Defaults",
      "state" : {
        "branch" : "main",
        "revision" : "d71bfd8ffbf944ef08eacbca5fb96d6f69bf7696"
      }
    }
  ],
  "version" : 2
}
